
Microsoft Visual Studio Solution File, Format Version 12.00
# Visual Studio Version 17
VisualStudioVersion = 17.4.33110.190
MinimumVisualStudioVersion = 10.0.40219.1
Project("{9A19103F-16F7-4668-BE54-9A1E7A4F7556}") = "InfiniteChestsV3", "InfiniteChestsV3\InfiniteChestsV3.csproj", "{7B49FF3F-F30A-413B-B8C0-7C59DDCFA5C1}"
EndProject
Project("{911E67C6-3D85-4FCE-B560-20A9C3E3FF48}") = "TerrariaServer", "..\..\TShock 4.4.0-dev\TerrariaServer.exe", "{92CF58D1-DD58-43FA-B96A-DD284DFF0D9E}"
	ProjectSection(DebuggerProjectSystem) = preProject
		PortSupplier = 00000000-0000-0000-0000-000000000000
		Executable = C:\Users\kzaic\Desktop\TShock 4.4.0-dev\TerrariaServer.exe
		RemoteMachine = CLAY-PC
		StartingDirectory = C:\Users\kzaic\Desktop\TShock 4.4.0-dev
		Environment = Default
		LaunchingEngine = 00000000-0000-0000-0000-000000000000
		UseLegacyDebugEngines = No
		LaunchSQLEngine = No
		AttachLaunchAction = No
		IORedirection = Auto
	EndProjectSection
EndProject
Global
	GlobalSection(SolutionConfigurationPlatforms) = preSolution
		Debug|Any CPU = Debug|Any CPU
		Debug|x64 = Debug|x64
		Debug|x86 = Debug|x86
		Release|Any CPU = Release|Any CPU
		Release|x64 = Release|x64
		Release|x86 = Release|x86
	EndGlobalSection
	GlobalSection(ProjectConfigurationPlatforms) = postSolution
		{7B49FF3F-F30A-413B-B8C0-7C59DDCFA5C1}.Debug|Any CPU.ActiveCfg = Debug|Any CPU
		{7B49FF3F-F30A-413B-B8C0-7C59DDCFA5C1}.Debug|Any CPU.Build.0 = Debug|Any CPU
		{7B49FF3F-F30A-413B-B8C0-7C59DDCFA5C1}.Debug|x64.ActiveCfg = Debug|x64
		{7B49FF3F-F30A-413B-B8C0-7C59DDCFA5C1}.Debug|x64.Build.0 = Debug|x64
		{7B49FF3F-F30A-413B-B8C0-7C59DDCFA5C1}.Debug|x86.ActiveCfg = Debug|Any CPU
		{7B49FF3F-F30A-413B-B8C0-7C59DDCFA5C1}.Debug|x86.Build.0 = Debug|Any CPU
		{7B49FF3F-F30A-413B-B8C0-7C59DDCFA5C1}.Release|Any CPU.ActiveCfg = Release|Any CPU
		{7B49FF3F-F30A-413B-B8C0-7C59DDCFA5C1}.Release|Any CPU.Build.0 = Release|Any CPU
		{7B49FF3F-F30A-413B-B8C0-7C59DDCFA5C1}.Release|x64.ActiveCfg = Release|x64
		{7B49FF3F-F30A-413B-B8C0-7C59DDCFA5C1}.Release|x64.Build.0 = Release|x64
		{7B49FF3F-F30A-413B-B8C0-7C59DDCFA5C1}.Release|x86.ActiveCfg = Release|Any CPU
		{7B49FF3F-F30A-413B-B8C0-7C59DDCFA5C1}.Release|x86.Build.0 = Release|Any CPU
		{92CF58D1-DD58-43FA-B96A-DD284DFF0D9E}.Debug|Any CPU.ActiveCfg = Release|x86
		{92CF58D1-DD58-43FA-B96A-DD284DFF0D9E}.Debug|x64.ActiveCfg = Release
		{92CF58D1-DD58-43FA-B96A-DD284DFF0D9E}.Debug|x86.ActiveCfg = Release|x86
		{92CF58D1-DD58-43FA-B96A-DD284DFF0D9E}.Release|Any CPU.ActiveCfg = Release|x86
		{92CF58D1-DD58-43FA-B96A-DD284DFF0D9E}.Release|x64.ActiveCfg = Release
		{92CF58D1-DD58-43FA-B96A-DD284DFF0D9E}.Release|x86.ActiveCfg = Release|x86
	EndGlobalSection
	GlobalSection(SolutionProperties) = preSolution
		HideSolutionNode = FALSE
	EndGlobalSection
	GlobalSection(ExtensibilityGlobals) = postSolution
		SolutionGuid = {D6918228-3308-45DF-80C6-CBCB19027B5A}
	EndGlobalSection
EndGlobal
